<?xml version="1.0" encoding="utf-8"?>
<Project ToolsVersion="4.0" xmlns="http://schemas.microsoft.com/developer/msbuild/2003">
  <ItemGroup>
    <Filter Include="Resources">
      <UniqueIdentifier>{7bd10c3e-67f3-4051-a861-06db6191bb48}</UniqueIdentifier>
    </Filter>
    <Filter Include="Win32Lib">
      <UniqueIdentifier>{8f4fa00c-59af-42a6-824b-61fde12b0c64}</UniqueIdentifier>
    </Filter>
  </ItemGroup>
  <ItemGroup>
    <None Include="win32lib\DIFFTB.INC">
      <Filter>Win32Lib</Filter>
    </None>
    <None Include="win32lib\DRAWBUFF.INC">
      <Filter>Win32Lib</Filter>
    </None>
    <None Include="win32lib\GBUFFER.INC">
      <Filter>Win32Lib</Filter>
    </None>
    <None Include="win32lib\HOLD.TXT">
      <Filter>Win32Lib</Filter>
    </None>
    <None Include="win32lib\INDEXTB.INC">
      <Filter>Win32Lib</Filter>
    </None>
    <None Include="win32lib\KEYBOARD.INC">
      <Filter>Win32Lib</Filter>
    </None>
    <None Include="win32lib\KEYSTRUC.INC">
      <Filter>Win32Lib</Filter>
    </None>
    <None Include="win32lib\MCGAPRIM.INC">
      <Filter>Win32Lib</Filter>
    </None>
    <None Include="win32lib\MOUSE.INC">
      <Filter>Win32Lib</Filter>
    </None>
    <None Include="win32lib\NYBBTB.INC">
      <Filter>Win32Lib</Filter>
    </None>
    <None Include="win32lib\PROFILE.INC">
      <Filter>Win32Lib</Filter>
    </None>
    <None Include="win32lib\SHAPE.INC">
      <Filter>Win32Lib</Filter>
    </None>
    <None Include="win32lib\STAMP.INC">
      <Filter>Win32Lib</Filter>
    </None>
    <None Include="win32lib\SVGAPRIM.INC">
      <Filter>Win32Lib</Filter>
    </None>
    <None Include="win32lib\WWMEM.INC">
      <Filter>Win32Lib</Filter>
    </None>
    <None Include="win32lib\REMAP.ASM">
      <Filter>Win32Lib</Filter>
    </None>
    <None Include="COORDA.ASM" />
    <None Include="KEYFBUFF.INC" />
    <None Include="PAGFAULT.ASM" />
    <None Include="SUPPORT.ASM" />
    <None Include="WINASM.ASM" />
  </ItemGroup>
  <ItemGroup>
    <ClInclude Include="win32lib\_FILE.H">
      <Filter>Win32Lib</Filter>
    </ClInclude>
    <ClInclude Include="win32lib\AUDIO.H">
      <Filter>Win32Lib</Filter>
    </ClInclude>
    <ClInclude Include="win32lib\BUFFER.H">
      <Filter>Win32Lib</Filter>
    </ClInclude>
    <ClInclude Include="win32lib\DDRAW.H">
      <Filter>Win32Lib</Filter>
    </ClInclude>
    <ClInclude Include="win32lib\DEFINES.H">
      <Filter>Win32Lib</Filter>
    </ClInclude>
    <ClInclude Include="win32lib\DESCMGMT.H">
      <Filter>Win32Lib</Filter>
    </ClInclude>
    <ClInclude Include="win32lib\DIPTHONG.H">
      <Filter>Win32Lib</Filter>
    </ClInclude>
    <ClInclude Include="win32lib\DPLAY.H">
      <Filter>Win32Lib</Filter>
    </ClInclude>
    <ClInclude Include="win32lib\DRAWBUFF.H">
      <Filter>Win32Lib</Filter>
    </ClInclude>
    <ClInclude Include="win32lib\DSETUP.H">
      <Filter>Win32Lib</Filter>
    </ClInclude>
    <ClInclude Include="win32lib\DSOUND.H">
      <Filter>Win32Lib</Filter>
    </ClInclude>
    <ClInclude Include="win32lib\EXTERNS.H">
      <Filter>Win32Lib</Filter>
    </ClInclude>
    <ClInclude Include="win32lib\FACINGFF.h">
      <Filter>Win32Lib</Filter>
    </ClInclude>
    <ClInclude Include="win32lib\FASTFILE.H">
      <Filter>Win32Lib</Filter>
    </ClInclude>
    <ClInclude Include="win32lib\FILE.H">
      <Filter>Win32Lib</Filter>
    </ClInclude>
    <ClInclude Include="win32lib\FILEPCX.H">
      <Filter>Win32Lib</Filter>
    </ClInclude>
    <ClInclude Include="win32lib\FILETEMP.H">
      <Filter>Win32Lib</Filter>
    </ClInclude>
    <ClInclude Include="win32lib\FONT.H">
      <Filter>Win32Lib</Filter>
    </ClInclude>
    <ClInclude Include="win32lib\FUNCTION.H">
      <Filter>Win32Lib</Filter>
    </ClInclude>
    <ClInclude Include="win32lib\GBUFFER.H">
      <Filter>Win32Lib</Filter>
    </ClInclude>
    <ClInclude Include="win32lib\ICONCACH.H">
      <Filter>Win32Lib</Filter>
    </ClInclude>
    <ClInclude Include="win32lib\IFF.H">
      <Filter>Win32Lib</Filter>
    </ClInclude>
    <ClInclude Include="win32lib\KEYBOARD.H">
      <Filter>Win32Lib</Filter>
    </ClInclude>
    <ClInclude Include="win32lib\MEMFLAG.H">
      <Filter>Win32Lib</Filter>
    </ClInclude>
    <ClInclude Include="win32lib\MISC.H">
      <Filter>Win32Lib</Filter>
    </ClInclude>
    <ClInclude Include="win32lib\MODEMREG.H">
      <Filter>Win32Lib</Filter>
    </ClInclude>
    <ClInclude Include="win32lib\MONO.H">
      <Filter>Win32Lib</Filter>
    </ClInclude>
    <ClInclude Include="win32lib\MOUSE.H">
      <Filter>Win32Lib</Filter>
    </ClInclude>
    <ClInclude Include="win32lib\PALETTE.H">
      <Filter>Win32Lib</Filter>
    </ClInclude>
    <ClInclude Include="win32lib\PLAYCD.H">
      <Filter>Win32Lib</Filter>
    </ClInclude>
    <ClInclude Include="win32lib\PROFILE.H">
      <Filter>Win32Lib</Filter>
    </ClInclude>
    <ClInclude Include="win32lib\RAWFILE.H">
      <Filter>Win32Lib</Filter>
    </ClInclude>
    <ClInclude Include="win32lib\SHAPE.H">
      <Filter>Win32Lib</Filter>
    </ClInclude>
    <ClInclude Include="win32lib\SOUND.H">
      <Filter>Win32Lib</Filter>
    </ClInclude>
    <ClInclude Include="win32lib\SOUNDINT.H">
      <Filter>Win32Lib</Filter>
    </ClInclude>
    <ClInclude Include="win32lib\STRUCTS.H">
      <Filter>Win32Lib</Filter>
    </ClInclude>
    <ClInclude Include="win32lib\TILE.H">
      <Filter>Win32Lib</Filter>
    </ClInclude>
    <ClInclude Include="win32lib\TIMER.H">
      <Filter>Win32Lib</Filter>
    </ClInclude>
    <ClInclude Include="win32lib\VIDEO.H">
      <Filter>Win32Lib</Filter>
    </ClInclude>
    <ClInclude Include="win32lib\WINCOMM.H">
      <Filter>Win32Lib</Filter>
    </ClInclude>
    <ClInclude Include="win32lib\WSA.H">
      <Filter>Win32Lib</Filter>
    </ClInclude>
    <ClInclude Include="win32lib\WW_WIN.H">
      <Filter>Win32Lib</Filter>
    </ClInclude>
    <ClInclude Include="win32lib\WWFILE.H">
      <Filter>Win32Lib</Filter>
    </ClInclude>
    <ClInclude Include="win32lib\WWLIB32.H">
      <Filter>Win32Lib</Filter>
    </ClInclude>
    <ClInclude Include="win32lib\WWMEM.H">
      <Filter>Win32Lib</Filter>
    </ClInclude>
    <ClInclude Include="win32lib\WWSTD.H">
      <Filter>Win32Lib</Filter>
    </ClInclude>
    <ClInclude Include="Resource\resource.h">
      <Filter>Resources</Filter>
    </ClInclude>
    <ClInclude Include="ABSTRACT.H" />
    <ClInclude Include="AIRCRAFT.H" />
    <ClInclude Include="ANIM.H" />
    <ClInclude Include="AUDIO.H" />
    <ClInclude Include="BASE.H" />
    <ClInclude Include="BUILDING.H" />
    <ClInclude Include="BULLET.H" />
    <ClInclude Include="CARGO.H" />
    <ClInclude Include="CCDDE.H" />
    <ClInclude Include="CCFILE.H" />
    <ClInclude Include="CDFILE.H" />
    <ClInclude Include="CELL.H" />
    <ClInclude Include="CHECKBOX.H" />
    <ClInclude Include="CHEKLIST.H" />
    <ClInclude Include="COLRLIST.H" />
    <ClInclude Include="COMBUF.H" />
    <ClInclude Include="COMPAT.H" />
    <ClInclude Include="COMQUEUE.H" />
    <ClInclude Include="CONFDLG.H" />
    <ClInclude Include="CONNECT.H" />
    <ClInclude Include="CONNMGR.H" />
    <ClInclude Include="CONQUER.H" />
    <ClInclude Include="CONTROL.H" />
    <ClInclude Include="CREDITS.H" />
    <ClInclude Include="CREW.H" />
    <ClInclude Include="DDE.H" />
    <ClInclude Include="DEBUG.H" />
    <ClInclude Include="DEFINES.H" />
    <ClInclude Include="DESCDLG.H" />
    <ClInclude Include="DIAL8.H" />
    <ClInclude Include="DISPLAY.H" />
    <ClInclude Include="DLLInterface.h" />
    <ClInclude Include="DOOR.H" />
    <ClInclude Include="DPMI.H" />
    <ClInclude Include="DRIVE.H" />
    <ClInclude Include="EDIT.H" />
    <ClInclude Include="ENDING.H" />
    <ClInclude Include="EVENT.H" />
    <ClInclude Include="EXTERNS.H" />
    <ClInclude Include="FACING.H" />
    <ClInclude Include="FACTORY.H" />
    <ClInclude Include="FIELD.H" />
    <ClInclude Include="FLASHER.H" />
    <ClInclude Include="FLY.H" />
    <ClInclude Include="FOOT.H" />
    <ClInclude Include="FTIMER.H" />
    <ClInclude Include="FUNCTION.H" />
    <ClInclude Include="FUSE.H" />
    <ClInclude Include="GADGET.H" />
    <ClInclude Include="GAMEDLG.H" />
    <ClInclude Include="GAUGE.H" />
    <ClInclude Include="GOPTIONS.H" />
    <ClInclude Include="GSCREEN.H" />
    <ClInclude Include="HEAP.H" />
    <ClInclude Include="HELP.H" />
    <ClInclude Include="HOUSE.H" />
    <ClInclude Include="INFANTRY.H" />
    <ClInclude Include="INTRO.H" />
    <ClInclude Include="IPX.H" />
    <ClInclude Include="IPX95.H" />
    <ClInclude Include="IPXADDR.H" />
    <ClInclude Include="IPXCONN.H" />
    <ClInclude Include="IPXGCONN.H" />
    <ClInclude Include="IPXMGR.H" />
    <ClInclude Include="JSHELL.H" />
    <ClInclude Include="LAYER.H" />
    <ClInclude Include="LED.H" />
    <ClInclude Include="LINK.H" />
    <ClInclude Include="LIST.H" />
    <ClInclude Include="LOADDLG.H" />
    <ClInclude Include="LOGIC.H" />
    <ClInclude Include="MAP.H" />
    <ClInclude Include="MAPEDIT.H" />
    <ClInclude Include="MEMCHECK.H" />
    <ClInclude Include="MESSAGE.H" />
    <ClInclude Include="MISSION.H" />
    <ClInclude Include="MIXFILE.H" />
    <ClInclude Include="MONOC.H" />
    <ClInclude Include="MOUSE.H" />
    <ClInclude Include="MSGBOX.H" />
    <ClInclude Include="MSGLIST.H" />
    <ClInclude Include="NOSEQCON.H" />
    <ClInclude Include="NULLCONN.H" />
    <ClInclude Include="NULLMGR.H" />
    <ClInclude Include="OBJECT.H" />
    <ClInclude Include="OPTIONS.H" />
    <ClInclude Include="OVERLAY.H" />
    <ClInclude Include="PACKET.H" />
    <ClInclude Include="PHONE.H" />
    <ClInclude Include="POWER.H" />
    <ClInclude Include="QUEUE.H" />
    <ClInclude Include="RADAR.H" />
    <ClInclude Include="RADIO.H" />
    <ClInclude Include="RAWFILE.H" />
    <ClInclude Include="REAL.H" />
    <ClInclude Include="REGION.H" />
    <ClInclude Include="RULES.H" />
    <ClInclude Include="SAVEDLG.H" />
    <ClInclude Include="SCORE.H" />
    <ClInclude Include="SCREEN.H" />
    <ClInclude Include="SCROLL.H" />
    <ClInclude Include="SEQCONN.H" />
    <ClInclude Include="SESSION.H" />
    <ClInclude Include="SHAPEBTN.H" />
    <ClInclude Include="SIDEBAR.H" />
    <ClInclude Include="SIDEBARGlyphx.H" />
    <ClInclude Include="SLIDER.H" />
    <ClInclude Include="SMUDGE.H" />
    <ClInclude Include="SOUNDDLG.H" />
    <ClInclude Include="SPECIAL.H" />
    <ClInclude Include="STAGE.H" />
    <ClInclude Include="SUPER.H" />
    <ClInclude Include="TAB.H" />
    <ClInclude Include="TARCOM.H" />
    <ClInclude Include="TARGET.H" />
    <ClInclude Include="TCPIP.H" />
    <ClInclude Include="TEAM.H" />
    <ClInclude Include="TEAMTYPE.H" />
    <ClInclude Include="TECHNO.H" />
    <ClInclude Include="TEMPLATE.H" />
    <ClInclude Include="TERRAIN.H" />
    <ClInclude Include="TEXTBLIT.H" />
    <ClInclude Include="TEXTBTN.H" />
    <ClInclude Include="THEME.H" />
    <ClInclude Include="TOGGLE.H" />
    <ClInclude Include="TRIGGER.H" />
    <ClInclude Include="TURRET.H" />
    <ClInclude Include="TXTLABEL.H" />
    <ClInclude Include="TYPE.H" />
    <ClInclude Include="UNIT.H" />
    <ClInclude Include="UTRACKER.H" />
    <ClInclude Include="VECTOR.H" />
    <ClInclude Include="VISUDLG.H" />
    <ClInclude Include="WATCOM.H" />
    <ClInclude Include="WWALLOC.H" />
    <ClInclude Include="WWFILE.H" />
  </ItemGroup>
  <ItemGroup>
    <ClCompile Include="win32lib\IRANDOM.CPP">
      <Filter>Win32Lib</Filter>
    </ClCompile>
    <ClCompile Include="Shape.cpp">
      <Filter>Win32Lib</Filter>
    </ClCompile>
    <ClCompile Include="win32lib\LOADPAL.CPP">
      <Filter>Win32Lib</Filter>
    </ClCompile>
    <ClCompile Include="win32lib\MORPHPAL.CPP">
      <Filter>Win32Lib</Filter>
    </ClCompile>
    <ClCompile Include="win32lib\PALETTE.CPP">
      <Filter>Win32Lib</Filter>
    </ClCompile>
    <ClCompile Include="win32lib\BUFFER.CPP">
      <Filter>Win32Lib</Filter>
    </ClCompile>
    <ClCompile Include="win32lib\BUFFGLBL.CPP">
      <Filter>Win32Lib</Filter>
    </ClCompile>
    <ClCompile Include="win32lib\DRAWRECT.CPP">
      <Filter>Win32Lib</Filter>
    </ClCompile>
    <ClCompile Include="win32lib\GBUFFER.CPP">
      <Filter>Win32Lib</Filter>
    </ClCompile>
    <ClCompile Include="win32lib\REGIONSZ.CPP">
      <Filter>Win32Lib</Filter>
    </ClCompile>
    <ClCompile Include="win32lib\DrawMisc.cpp">
      <Filter>Win32Lib</Filter>
    </ClCompile>
    <ClCompile Include="win32lib\DIPTHONG.CPP">
      <Filter>Win32Lib</Filter>
    </ClCompile>
    <ClCompile Include="win32lib\_DIPTABL.CPP">
      <Filter>Win32Lib</Filter>
    </ClCompile>
    <ClCompile Include="win32lib\TIMER.CPP">
      <Filter>Win32Lib</Filter>
    </ClCompile>
    <ClCompile Include="win32lib\TIMERDWN.CPP">
      <Filter>Win32Lib</Filter>
    </ClCompile>
    <ClCompile Include="win32lib\TIMERINI.CPP">
      <Filter>Win32Lib</Filter>
    </ClCompile>
    <ClCompile Include="win32lib\ICONSET.CPP">
      <Filter>Win32Lib</Filter>
    </ClCompile>
    <ClCompile Include="win32lib\FONT.CPP">
      <Filter>Win32Lib</Filter>
    </ClCompile>
    <ClCompile Include="win32lib\LOADFONT.CPP">
      <Filter>Win32Lib</Filter>
    </ClCompile>
    <ClCompile Include="win32lib\KEYBOARD.CPP">
      <Filter>Win32Lib</Filter>
    </ClCompile>
    <ClCompile Include="win32lib\WSA.CPP">
      <Filter>Win32Lib</Filter>
    </ClCompile>
    <ClCompile Include="win32lib\SET_FONT.CPP">
      <Filter>Win32Lib</Filter>
    </ClCompile>
    <ClCompile Include="win32lib\MOUSEWW.CPP">
      <Filter>Win32Lib</Filter>
    </ClCompile>
    <ClCompile Include="win32lib\DDRAW.CPP">
      <Filter>Win32Lib</Filter>
    </ClCompile>
    <ClCompile Include="win32lib\WINHIDE.CPP">
      <Filter>Win32Lib</Filter>
    </ClCompile>
    <ClCompile Include="win32lib\ALLOC.CPP">
      <Filter>Win32Lib</Filter>
    </ClCompile>
    <ClCompile Include="win32lib\MEM.CPP">
      <Filter>Win32Lib</Filter>
    </ClCompile>
    <ClCompile Include="win32lib\NEWDEL.CPP">
      <Filter>Win32Lib</Filter>
    </ClCompile>
    <ClCompile Include="win32lib\IFF.CPP">
      <Filter>Win32Lib</Filter>
    </ClCompile>
    <ClCompile Include="win32lib\LOAD.CPP">
      <Filter>Win32Lib</Filter>
    </ClCompile>
    <ClCompile Include="win32lib\GETSHAPE.CPP">
      <Filter>Win32Lib</Filter>
    </ClCompile>
    <ClCompile Include="win32lib\WINDOWS.CPP">
      <Filter>Win32Lib</Filter>
    </ClCompile>
    <ClCompile Include="win32lib\WRITEPCX.CPP">
      <Filter>Win32Lib</Filter>
    </ClCompile>
    <ClCompile Include="DLLInterfaceEditor.cpp" />
    <ClCompile Include="AADATA.CPP" />
    <ClCompile Include="ABSTRACT.CPP" />
    <ClCompile Include="ADATA.CPP" />
    <ClCompile Include="AIRCRAFT.CPP" />
    <ClCompile Include="ALLOC.CPP" />
    <ClCompile Include="ANIM.CPP" />
    <ClCompile Include="AUDIO.CPP" />
    <ClCompile Include="BASE.CPP" />
    <ClCompile Include="BBDATA.CPP" />
    <ClCompile Include="BDATA.CPP" />
    <ClCompile Include="BUILDING.CPP" />
    <ClCompile Include="BULLET.CPP" />
    <ClCompile Include="CARGO.CPP" />
    <ClCompile Include="CCDDE.CPP" />
    <ClCompile Include="CCFILE.CPP" />
    <ClCompile Include="CDATA.CPP" />
    <ClCompile Include="CDFILE.CPP" />
    <ClCompile Include="CELL.CPP" />
    <ClCompile Include="CHECKBOX.CPP" />
    <ClCompile Include="CHEKLIST.CPP" />
    <ClCompile Include="COLRLIST.CPP" />
    <ClCompile Include="COMBAT.CPP" />
    <ClCompile Include="COMBUF.CPP" />
    <ClCompile Include="COMQUEUE.CPP" />
    <ClCompile Include="CONFDLG.CPP" />
    <ClCompile Include="CONNECT.CPP" />
    <ClCompile Include="CONQUER.CPP" />
    <ClCompile Include="CONST.CPP" />
    <ClCompile Include="CONTROL.CPP" />
    <ClCompile Include="COORD.CPP" />
    <ClCompile Include="CREDITS.CPP" />
    <ClCompile Include="CREW.CPP" />
    <ClCompile Include="DDE.CPP" />
    <ClCompile Include="DEBUG.CPP" />
    <ClCompile Include="DESCDLG.CPP" />
    <ClCompile Include="DIAL8.CPP" />
    <ClCompile Include="DIALOG.CPP" />
    <ClCompile Include="DISPLAY.CPP" />
    <ClCompile Include="DLLInterface.cpp" />
    <ClCompile Include="DOOR.CPP" />
    <ClCompile Include="DPMI.CPP" />
    <ClCompile Include="DRIVE.CPP" />
    <ClCompile Include="EDIT.CPP" />
    <ClCompile Include="ENDING.CPP" />
    <ClCompile Include="EVENT.CPP" />
    <ClCompile Include="EXPAND.CPP" />
    <ClCompile Include="FACING.CPP" />
    <ClCompile Include="FACTORY.CPP" />
    <ClCompile Include="FIELD.CPP" />
    <ClCompile Include="FINDPATH.CPP" />
    <ClCompile Include="FLASHER.CPP" />
    <ClCompile Include="FLY.CPP" />
    <ClCompile Include="FOOT.CPP" />
    <ClCompile Include="FUSE.CPP" />
    <ClCompile Include="GADGET.CPP" />
    <ClCompile Include="GAMEDLG.CPP" />
    <ClCompile Include="GAUGE.CPP" />
    <ClCompile Include="GLOBALS.CPP" />
    <ClCompile Include="GOPTIONS.CPP" />
    <ClCompile Include="GSCREEN.CPP" />
    <ClCompile Include="HDATA.CPP" />
    <ClCompile Include="HEAP.CPP" />
    <ClCompile Include="HELP.CPP" />
    <ClCompile Include="HOUSE.CPP" />
    <ClCompile Include="IDATA.CPP" />
    <ClCompile Include="INFANTRY.CPP" />
    <ClCompile Include="INI.CPP" />
    <ClCompile Include="INIT.CPP" />
    <ClCompile Include="INTERNET.CPP" />
    <ClCompile Include="INTERPAL.CPP" />
    <ClCompile Include="INTRO.CPP" />
    <ClCompile Include="IOMAP.CPP" />
    <ClCompile Include="IOOBJ.CPP" />
    <ClCompile Include="IPX.CPP" />
    <ClCompile Include="IPX95.CPP" />
    <ClCompile Include="IPXADDR.CPP" />
    <ClCompile Include="IPXCONN.CPP" />
    <ClCompile Include="IPXGCONN.CPP" />
    <ClCompile Include="IPXMGR.CPP" />
    <ClCompile Include="JSHELL.CPP" />
    <ClCompile Include="KEYFRAME.CPP" />
    <ClCompile Include="LAYER.CPP" />
    <ClCompile Include="LINK.CPP" />
    <ClCompile Include="LIST.CPP" />
    <ClCompile Include="LOADDLG.CPP" />
    <ClCompile Include="LOGIC.CPP" />
    <ClCompile Include="MAP.CPP" />
    <ClCompile Include="MAPEDDLG.CPP" />
    <ClCompile Include="MAPEDIT.CPP" />
    <ClCompile Include="MAPEDPLC.CPP" />
    <ClCompile Include="MAPEDSEL.CPP" />
    <ClCompile Include="MAPEDTM.CPP" />
    <ClCompile Include="MAPSEL.CPP" />
    <ClCompile Include="MENUS.CPP" />
    <ClCompile Include="MiscAsm.cpp" />
    <ClCompile Include="MISSION.CPP" />
    <ClCompile Include="MIXFILE.CPP" />
    <ClCompile Include="MONOC.CPP" />
    <ClCompile Include="MOUSE.CPP" />
    <ClCompile Include="MPLAYER.CPP" />
    <ClCompile Include="MSGBOX.CPP" />
    <ClCompile Include="MSGLIST.CPP" />
    <ClCompile Include="NETDLG.CPP" />
    <ClCompile Include="NOSEQCON.CPP" />
    <ClCompile Include="NULLCONN.CPP" />
    <ClCompile Include="NULLDLG.CPP" />
    <ClCompile Include="NULLMGR.CPP" />
    <ClCompile Include="OBJECT.CPP" />
    <ClCompile Include="ODATA.CPP" />
    <ClCompile Include="OPTIONS.CPP" />
    <ClCompile Include="OVERLAY.CPP" />
    <ClCompile Include="PACKET.CPP" />
    <ClCompile Include="POWER.CPP" />
    <ClCompile Include="PROFILE.CPP" />
    <ClCompile Include="QUEUE.CPP" />
    <ClCompile Include="RADAR.CPP" />
    <ClCompile Include="RADIO.CPP" />
    <ClCompile Include="RAND.CPP" />
    <ClCompile Include="RAWFILE.CPP" />
    <ClCompile Include="REINF.CPP" />
    <ClCompile Include="RULES.CPP" />
    <ClCompile Include="SAVELOAD.CPP" />
    <ClCompile Include="SCENARIO.CPP" />
    <ClCompile Include="SCORE.CPP" />
    <ClCompile Include="SCROLL.CPP" />
    <ClCompile Include="SDATA.CPP" />
    <ClCompile Include="SEQCONN.CPP" />
    <ClCompile Include="SHAPEBTN.CPP" />
    <ClCompile Include="SIDEBAR.CPP" />
    <ClCompile Include="SIDEBARGlyphx.CPP" />
    <ClCompile Include="SLIDER.CPP" />
    <ClCompile Include="SMUDGE.CPP" />
    <ClCompile Include="SOUNDDLG.CPP" />
    <ClCompile Include="SPECIAL.CPP" />
    <ClCompile Include="STARTUP.CPP" />
    <ClCompile Include="STATS.CPP" />
    <ClCompile Include="SUPER.CPP" />
    <ClCompile Include="TAB.CPP" />
    <ClCompile Include="TARCOM.CPP" />
    <ClCompile Include="TARGET.CPP" />
    <ClCompile Include="TCPIP.CPP" />
    <ClCompile Include="TDATA.CPP" />
    <ClCompile Include="TEAM.CPP" />
    <ClCompile Include="TEAMTYPE.CPP" />
    <ClCompile Include="TECHNO.CPP" />
    <ClCompile Include="TEMPLATE.CPP" />
    <ClCompile Include="TERRAIN.CPP" />
    <ClCompile Include="TEXTBTN.CPP" />
    <ClCompile Include="THEME.CPP" />
    <ClCompile Include="TOGGLE.CPP" />
    <ClCompile Include="TRIGGER.CPP" />
    <ClCompile Include="TURRET.CPP" />
    <ClCompile Include="TXTLABEL.CPP" />
    <ClCompile Include="UDATA.CPP" />
    <ClCompile Include="UNIT.CPP" />
    <ClCompile Include="UTRACKER.CPP" />
    <ClCompile Include="VECTOR.CPP" />
    <ClCompile Include="VISUDLG.CPP" />
    <ClCompile Include="WINSTUB.CPP" />
  </ItemGroup>
  <ItemGroup>
    <MASM Include="win32lib\FACINGFF.ASM">
      <Filter>Win32Lib</Filter>
    </MASM>
    <MASM Include="win32lib\XORDELTA.ASM">
      <Filter>Win32Lib</Filter>
    </MASM>
    <MASM Include="win32lib\TOBUFF.ASM">
      <Filter>Win32Lib</Filter>
    </MASM>
    <MASM Include="KEYFBUFF.ASM" />
    <MASM Include="MMX.ASM" />
    <MASM Include="TXTPRNT.ASM" />
  </ItemGroup>
  <ItemGroup>
    <ResourceCompile Include="Resource\TiberianDawn.rc">
      <Filter>Resources</Filter>
    </ResourceCompile>
  </ItemGroup>
</Project>